<Solution>
  <Folder Name="/src/" />
  <Folder Name="/src/BuildingBlocks/">
    <Project Path="src/BuildingBlocks/Pos.Api.Abstractions/Pos.Api.Abstractions.csproj" />
    <Project Path="src/BuildingBlocks/Pos.Application.Abstractions/Pos.Application.Abstractions.csproj" />
    <Project Path="src/BuildingBlocks/Pos.Infrastructure/Pos.Infrastructure.csproj" />
    <Project Path="src/BuildingBlocks/Pos.Printing/Pos.Printing.csproj" />
    <Project Path="src/BuildingBlocks/Pos.SharedKernel/Pos.SharedKernel.csproj" />
  </Folder>
  <Folder Name="/src/Modules/">
    <Project Path="src/Modules/Reference/Pos.Modules.Reference.Contracts/Pos.Modules.Reference.Contracts.csproj" />
    <Project Path="src/Modules/Reference/Pos.Modules.Reference.Application/Pos.Modules.Reference.Application.csproj" />
    <Project Path="src/Modules/Reference/Pos.Modules.Reference.Infrastructure/Pos.Modules.Reference.Infrastructure.csproj" />
    <Project Path="src/Modules/Reference/Pos.Modules.Reference.Api/Pos.Modules.Reference.Api.csproj" />
    <Project Path="src/Modules/Organization/Pos.Modules.Organization.Domain/Pos.Modules.Organization.Domain.csproj" />
    <Project Path="src/Modules/Organization/Pos.Modules.Organization.Contracts/Pos.Modules.Organization.Contracts.csproj" />
    <Project Path="src/Modules/Organization/Pos.Modules.Organization.Application/Pos.Modules.Organization.Application.csproj" />
    <Project Path="src/Modules/Organization/Pos.Modules.Organization.Infrastructure/Pos.Modules.Organization.Infrastructure.csproj" />
    <Project Path="src/Modules/Organization/Pos.Modules.Organization.Api/Pos.Modules.Organization.Api.csproj" />
    <Project Path="src/Modules/Identity/Pos.Modules.Identity.Domain/Pos.Modules.Identity.Domain.csproj" />
    <Project Path="src/Modules/Identity/Pos.Modules.Identity.Contracts/Pos.Modules.Identity.Contracts.csproj" />
    <Project Path="src/Modules/Identity/Pos.Modules.Identity.Application/Pos.Modules.Identity.Application.csproj" />
    <Project Path="src/Modules/Identity/Pos.Modules.Identity.Infrastructure/Pos.Modules.Identity.Infrastructure.csproj" />
    <Project Path="src/Modules/Identity/Pos.Modules.Identity.Api/Pos.Modules.Identity.Api.csproj" />
    <Project Path="src/Modules/Audit/Pos.Modules.Audit.Contracts/Pos.Modules.Audit.Contracts.csproj" />
    <Project Path="src/Modules/Audit/Pos.Modules.Audit.Application/Pos.Modules.Audit.Application.csproj" />
    <Project Path="src/Modules/Audit/Pos.Modules.Audit.Infrastructure/Pos.Modules.Audit.Infrastructure.csproj" />
    <Project Path="src/Modules/Audit/Pos.Modules.Audit.Api/Pos.Modules.Audit.Api.csproj" />
    <Project Path="src/Modules/Catalog/Pos.Modules.Catalog.Domain/Pos.Modules.Catalog.Domain.csproj" />
    <Project Path="src/Modules/Catalog/Pos.Modules.Catalog.Contracts/Pos.Modules.Catalog.Contracts.csproj" />
    <Project Path="src/Modules/Catalog/Pos.Modules.Catalog.Application/Pos.Modules.Catalog.Application.csproj" />
    <Project Path="src/Modules/Catalog/Pos.Modules.Catalog.Infrastructure/Pos.Modules.Catalog.Infrastructure.csproj" />
    <Project Path="src/Modules/Catalog/Pos.Modules.Catalog.Api/Pos.Modules.Catalog.Api.csproj" />
    <Project Path="src/Modules/Inventory/Pos.Modules.Inventory.Domain/Pos.Modules.Inventory.Domain.csproj" />
    <Project Path="src/Modules/Inventory/Pos.Modules.Inventory.Contracts/Pos.Modules.Inventory.Contracts.csproj" />
    <Project Path="src/Modules/Inventory/Pos.Modules.Inventory.Application/Pos.Modules.Inventory.Application.csproj" />
    <Project Path="src/Modules/Inventory/Pos.Modules.Inventory.Infrastructure/Pos.Modules.Inventory.Infrastructure.csproj" />
    <Project Path="src/Modules/Inventory/Pos.Modules.Inventory.Api/Pos.Modules.Inventory.Api.csproj" />
    <Project Path="src/Modules/Parties/Pos.Modules.Parties.Domain/Pos.Modules.Parties.Domain.csproj" />
    <Project Path="src/Modules/Parties/Pos.Modules.Parties.Contracts/Pos.Modules.Parties.Contracts.csproj" />
    <Project Path="src/Modules/Parties/Pos.Modules.Parties.Application/Pos.Modules.Parties.Application.csproj" />
    <Project Path="src/Modules/Parties/Pos.Modules.Parties.Infrastructure/Pos.Modules.Parties.Infrastructure.csproj" />
    <Project Path="src/Modules/Parties/Pos.Modules.Parties.Api/Pos.Modules.Parties.Api.csproj" />
    <Project Path="src/Modules/Cash/Pos.Modules.Cash.Domain/Pos.Modules.Cash.Domain.csproj" />
    <Project Path="src/Modules/Cash/Pos.Modules.Cash.Contracts/Pos.Modules.Cash.Contracts.csproj" />
    <Project Path="src/Modules/Cash/Pos.Modules.Cash.Application/Pos.Modules.Cash.Application.csproj" />
    <Project Path="src/Modules/Cash/Pos.Modules.Cash.Infrastructure/Pos.Modules.Cash.Infrastructure.csproj" />
    <Project Path="src/Modules/Cash/Pos.Modules.Cash.Api/Pos.Modules.Cash.Api.csproj" />
    <Project Path="src/Modules/Purchasing/Pos.Modules.Purchasing.Domain/Pos.Modules.Purchasing.Domain.csproj" />
    <Project Path="src/Modules/Purchasing/Pos.Modules.Purchasing.Contracts/Pos.Modules.Purchasing.Contracts.csproj" />
    <Project Path="src/Modules/Purchasing/Pos.Modules.Purchasing.Application/Pos.Modules.Purchasing.Application.csproj" />
    <Project Path="src/Modules/Purchasing/Pos.Modules.Purchasing.Infrastructure/Pos.Modules.Purchasing.Infrastructure.csproj" />
    <Project Path="src/Modules/Purchasing/Pos.Modules.Purchasing.Api/Pos.Modules.Purchasing.Api.csproj" />
    <Project Path="src/Modules/Expenses/Pos.Modules.Expenses.Domain/Pos.Modules.Expenses.Domain.csproj" />
    <Project Path="src/Modules/Expenses/Pos.Modules.Expenses.Contracts/Pos.Modules.Expenses.Contracts.csproj" />
    <Project Path="src/Modules/Expenses/Pos.Modules.Expenses.Application/Pos.Modules.Expenses.Application.csproj" />
    <Project Path="src/Modules/Expenses/Pos.Modules.Expenses.Infrastructure/Pos.Modules.Expenses.Infrastructure.csproj" />
    <Project Path="src/Modules/Expenses/Pos.Modules.Expenses.Api/Pos.Modules.Expenses.Api.csproj" />
    <Project Path="src/Modules/Promotions/Pos.Modules.Promotions.Domain/Pos.Modules.Promotions.Domain.csproj" />
    <Project Path="src/Modules/Promotions/Pos.Modules.Promotions.Contracts/Pos.Modules.Promotions.Contracts.csproj" />
    <Project Path="src/Modules/Promotions/Pos.Modules.Promotions.Application/Pos.Modules.Promotions.Application.csproj" />
    <Project Path="src/Modules/Promotions/Pos.Modules.Promotions.Infrastructure/Pos.Modules.Promotions.Infrastructure.csproj" />
    <Project Path="src/Modules/Promotions/Pos.Modules.Promotions.Api/Pos.Modules.Promotions.Api.csproj" />
    <Project Path="src/Modules/Billing/Pos.Modules.Billing.Domain/Pos.Modules.Billing.Domain.csproj" />
    <Project Path="src/Modules/Billing/Pos.Modules.Billing.Contracts/Pos.Modules.Billing.Contracts.csproj" />
    <Project Path="src/Modules/Billing/Pos.Modules.Billing.Application/Pos.Modules.Billing.Application.csproj" />
    <Project Path="src/Modules/Billing/Pos.Modules.Billing.Infrastructure/Pos.Modules.Billing.Infrastructure.csproj" />
    <Project Path="src/Modules/Billing/Pos.Modules.Billing.Api/Pos.Modules.Billing.Api.csproj" />
    <Project Path="src/Modules/Customers/Pos.Modules.Customers.Domain/Pos.Modules.Customers.Domain.csproj" />
    <Project Path="src/Modules/Customers/Pos.Modules.Customers.Contracts/Pos.Modules.Customers.Contracts.csproj" />
    <Project Path="src/Modules/Customers/Pos.Modules.Customers.Application/Pos.Modules.Customers.Application.csproj" />
    <Project Path="src/Modules/Customers/Pos.Modules.Customers.Infrastructure/Pos.Modules.Customers.Infrastructure.csproj" />
    <Project Path="src/Modules/Customers/Pos.Modules.Customers.Api/Pos.Modules.Customers.Api.csproj" />
    <Project Path="src/Modules/Sales/Pos.Modules.Sales.Domain/Pos.Modules.Sales.Domain.csproj" />
    <Project Path="src/Modules/Sales/Pos.Modules.Sales.Contracts/Pos.Modules.Sales.Contracts.csproj" />
    <Project Path="src/Modules/Sales/Pos.Modules.Sales.Application/Pos.Modules.Sales.Application.csproj" />
    <Project Path="src/Modules/Sales/Pos.Modules.Sales.Infrastructure/Pos.Modules.Sales.Infrastructure.csproj" />
    <Project Path="src/Modules/Sales/Pos.Modules.Sales.Api/Pos.Modules.Sales.Api.csproj" />
    <Project Path="src/Modules/Reporting/Pos.Modules.Reporting.Contracts/Pos.Modules.Reporting.Contracts.csproj" />
    <Project Path="src/Modules/Reporting/Pos.Modules.Reporting.Application/Pos.Modules.Reporting.Application.csproj" />
    <Project Path="src/Modules/Reporting/Pos.Modules.Reporting.Infrastructure/Pos.Modules.Reporting.Infrastructure.csproj" />
    <Project Path="src/Modules/Reporting/Pos.Modules.Reporting.Api/Pos.Modules.Reporting.Api.csproj" />
    <Project Path="src/Modules/Backup/Pos.Modules.Backup.Contracts/Pos.Modules.Backup.Contracts.csproj" />
    <Project Path="src/Modules/Backup/Pos.Modules.Backup.Application/Pos.Modules.Backup.Application.csproj" />
    <Project Path="src/Modules/Backup/Pos.Modules.Backup.Infrastructure/Pos.Modules.Backup.Infrastructure.csproj" />
    <Project Path="src/Modules/Backup/Pos.Modules.Backup.Api/Pos.Modules.Backup.Api.csproj" />
    <Project Path="src/Modules/Licensing/Pos.Modules.Licensing.Contracts/Pos.Modules.Licensing.Contracts.csproj" />
    <Project Path="src/Modules/Licensing/Pos.Modules.Licensing.Application/Pos.Modules.Licensing.Application.csproj" />
    <Project Path="src/Modules/Licensing/Pos.Modules.Licensing.Infrastructure/Pos.Modules.Licensing.Infrastructure.csproj" />
    <Project Path="src/Modules/Licensing/Pos.Modules.Licensing.Api/Pos.Modules.Licensing.Api.csproj" />
  </Folder>
  <Folder Name="/src/Client/">
    <Project Path="src/Client/Pos.Client/Pos.Client.csproj" />
  </Folder>
  <Folder Name="/src/Server/">
    <Project Path="src/Server/Pos.Server.Host/Pos.Server.Host.csproj" />
    <Project Path="src/Server/Pos.Server.Updater/Pos.Server.Updater.csproj" />
    <Project Path="src/Server/Pos.Server.Migrations/Pos.Server.Migrations.csproj" />
    <Project Path="src/Server/Pos.Server.Migrator/Pos.Server.Migrator.csproj" />
  </Folder>
  <Folder Name="/src/Cloud/">
    <Project Path="src/Cloud/Pos.Cloud.Abstractions/Pos.Cloud.Abstractions.csproj" />
    <Project Path="src/Cloud/Pos.Cloud.Infrastructure/Pos.Cloud.Infrastructure.csproj" />
    <Project Path="src/Cloud/Pos.Cloud.Migrations/Pos.Cloud.Migrations.csproj" />
    <Project Path="src/Cloud/Pos.Cloud.Host/Pos.Cloud.Host.csproj" />
    <Project Path="src/Cloud/Modules/Licensing/Pos.Cloud.Licensing.Domain/Pos.Cloud.Licensing.Domain.csproj" />
    <Project Path="src/Cloud/Modules/Licensing/Pos.Cloud.Licensing.Application/Pos.Cloud.Licensing.Application.csproj" />
    <Project Path="src/Cloud/Modules/Licensing/Pos.Cloud.Licensing.Infrastructure/Pos.Cloud.Licensing.Infrastructure.csproj" />
    <Project Path="src/Cloud/Modules/Licensing/Pos.Cloud.Licensing.Api/Pos.Cloud.Licensing.Api.csproj" />
    <Project Path="src/Cloud/Modules/PortalIdentity/Pos.Cloud.PortalIdentity.Domain/Pos.Cloud.PortalIdentity.Domain.csproj" />
    <Project Path="src/Cloud/Modules/PortalIdentity/Pos.Cloud.PortalIdentity.Application/Pos.Cloud.PortalIdentity.Application.csproj" />
    <Project Path="src/Cloud/Modules/PortalIdentity/Pos.Cloud.PortalIdentity.Infrastructure/Pos.Cloud.PortalIdentity.Infrastructure.csproj" />
    <Project Path="src/Cloud/Modules/PortalIdentity/Pos.Cloud.PortalIdentity.Api/Pos.Cloud.PortalIdentity.Api.csproj" />
  </Folder>
  <Folder Name="/src/Shared/">
    <Project Path="src/Shared/Pos.Licensing.Contracts/Pos.Licensing.Contracts.csproj" />
    <Project Path="src/Shared/Pos.Updates.Contracts/Pos.Updates.Contracts.csproj" />
  </Folder>
  <Folder Name="/src/Terminal/">
    <Project Path="src/Terminal/Pos.Terminal.Agent/Pos.Terminal.Agent.csproj" />
  </Folder>
  <Folder Name="/tools/">
    <Project Path="tools/Pos.License.Simulator/Pos.License.Simulator.csproj" />
    <Project Path="tools/Pos.LoadTest/Pos.LoadTest.csproj" />
    <Project Path="tools/Pos.Release/Pos.Release.csproj" />
  </Folder>
  <Folder Name="/tests/">
    <Project Path="tests/Pos.ArchitectureTests/Pos.ArchitectureTests.csproj" />
    <Project Path="tests/Pos.Cloud.Database.Tests/Pos.Cloud.Database.Tests.csproj" />
    <Project Path="tests/Pos.Cloud.IntegrationTests/Pos.Cloud.IntegrationTests.csproj" />
    <Project Path="tests/Pos.Database.Tests/Pos.Database.Tests.csproj" />
    <Project Path="tests/Pos.Cloud.Licensing.UnitTests/Pos.Cloud.Licensing.UnitTests.csproj" />
    <Project Path="tests/Pos.Cloud.PortalIdentity.UnitTests/Pos.Cloud.PortalIdentity.UnitTests.csproj" />
    <Project Path="tests/Pos.Infrastructure.UnitTests/Pos.Infrastructure.UnitTests.csproj" />
    <Project Path="tests/Pos.Licensing.Contracts.UnitTests/Pos.Licensing.Contracts.UnitTests.csproj" />
    <Project Path="tests/Pos.Modules.Catalog.UnitTests/Pos.Modules.Catalog.UnitTests.csproj" />
    <Project Path="tests/Pos.Modules.Customers.UnitTests/Pos.Modules.Customers.UnitTests.csproj" />
    <Project Path="tests/Pos.Modules.Expenses.UnitTests/Pos.Modules.Expenses.UnitTests.csproj" />
    <Project Path="tests/Pos.Modules.Identity.UnitTests/Pos.Modules.Identity.UnitTests.csproj" />
    <Project Path="tests/Pos.Modules.Inventory.UnitTests/Pos.Modules.Inventory.UnitTests.csproj" />
    <Project Path="tests/Pos.Modules.Organization.UnitTests/Pos.Modules.Organization.UnitTests.csproj" />
    <Project Path="tests/Pos.Modules.Billing.UnitTests/Pos.Modules.Billing.UnitTests.csproj" />
    <Project Path="tests/Pos.Modules.Cash.UnitTests/Pos.Modules.Cash.UnitTests.csproj" />
    <Project Path="tests/Pos.Modules.Parties.UnitTests/Pos.Modules.Parties.UnitTests.csproj" />
    <Project Path="tests/Pos.Modules.Promotions.UnitTests/Pos.Modules.Promotions.UnitTests.csproj" />
    <Project Path="tests/Pos.Modules.Purchasing.UnitTests/Pos.Modules.Purchasing.UnitTests.csproj" />
    <Project Path="tests/Pos.Printing.UnitTests/Pos.Printing.UnitTests.csproj" />
    <Project Path="tests/Pos.Modules.Sales.UnitTests/Pos.Modules.Sales.UnitTests.csproj" />
    <Project Path="tests/Pos.Server.IntegrationTests/Pos.Server.IntegrationTests.csproj" />
    <Project Path="tests/Pos.SharedKernel.UnitTests/Pos.SharedKernel.UnitTests.csproj" />
    <Project Path="tests/Pos.Terminal.Agent.Tests/Pos.Terminal.Agent.Tests.csproj" />
  </Folder>
</Solution>
