<Solution>
  <Folder Name="/src/" />
  <Folder Name="/src/BuildingBlocks/">
    <Project Path="src/BuildingBlocks/Pos.Api.Abstractions/Pos.Api.Abstractions.csproj" />
    <Project Path="src/BuildingBlocks/Pos.Application.Abstractions/Pos.Application.Abstractions.csproj" />
    <Project Path="src/BuildingBlocks/Pos.Infrastructure/Pos.Infrastructure.csproj" />
    <Project Path="src/BuildingBlocks/Pos.SharedKernel/Pos.SharedKernel.csproj" />
  </Folder>
  <Folder Name="/src/Modules/">
    <Project Path="src/Modules/Reference/Pos.Modules.Reference.Contracts/Pos.Modules.Reference.Contracts.csproj" />
    <Project Path="src/Modules/Reference/Pos.Modules.Reference.Application/Pos.Modules.Reference.Application.csproj" />
    <Project Path="src/Modules/Reference/Pos.Modules.Reference.Infrastructure/Pos.Modules.Reference.Infrastructure.csproj" />
    <Project Path="src/Modules/Reference/Pos.Modules.Reference.Api/Pos.Modules.Reference.Api.csproj" />
    <Project Path="src/Modules/Organization/Pos.Modules.Organization.Domain/Pos.Modules.Organization.Domain.csproj" />
    <Project Path="src/Modules/Organization/Pos.Modules.Organization.Contracts/Pos.Modules.Organization.Contracts.csproj" />
    <Project Path="src/Modules/Organization/Pos.Modules.Organization.Application/Pos.Modules.Organization.Application.csproj" />
    <Project Path="src/Modules/Organization/Pos.Modules.Organization.Infrastructure/Pos.Modules.Organization.Infrastructure.csproj" />
    <Project Path="src/Modules/Organization/Pos.Modules.Organization.Api/Pos.Modules.Organization.Api.csproj" />
    <Project Path="src/Modules/Identity/Pos.Modules.Identity.Domain/Pos.Modules.Identity.Domain.csproj" />
    <Project Path="src/Modules/Identity/Pos.Modules.Identity.Contracts/Pos.Modules.Identity.Contracts.csproj" />
    <Project Path="src/Modules/Identity/Pos.Modules.Identity.Application/Pos.Modules.Identity.Application.csproj" />
    <Project Path="src/Modules/Identity/Pos.Modules.Identity.Infrastructure/Pos.Modules.Identity.Infrastructure.csproj" />
    <Project Path="src/Modules/Identity/Pos.Modules.Identity.Api/Pos.Modules.Identity.Api.csproj" />
    <Project Path="src/Modules/Audit/Pos.Modules.Audit.Contracts/Pos.Modules.Audit.Contracts.csproj" />
    <Project Path="src/Modules/Audit/Pos.Modules.Audit.Application/Pos.Modules.Audit.Application.csproj" />
    <Project Path="src/Modules/Audit/Pos.Modules.Audit.Infrastructure/Pos.Modules.Audit.Infrastructure.csproj" />
    <Project Path="src/Modules/Audit/Pos.Modules.Audit.Api/Pos.Modules.Audit.Api.csproj" />
  </Folder>
  <Folder Name="/src/Server/">
    <Project Path="src/Server/Pos.Server.Host/Pos.Server.Host.csproj" />
    <Project Path="src/Server/Pos.Server.Migrations/Pos.Server.Migrations.csproj" />
    <Project Path="src/Server/Pos.Server.Migrator/Pos.Server.Migrator.csproj" />
  </Folder>
  <Folder Name="/tests/">
    <Project Path="tests/Pos.ArchitectureTests/Pos.ArchitectureTests.csproj" />
    <Project Path="tests/Pos.Database.Tests/Pos.Database.Tests.csproj" />
    <Project Path="tests/Pos.Infrastructure.UnitTests/Pos.Infrastructure.UnitTests.csproj" />
    <Project Path="tests/Pos.Modules.Organization.UnitTests/Pos.Modules.Organization.UnitTests.csproj" />
    <Project Path="tests/Pos.Server.IntegrationTests/Pos.Server.IntegrationTests.csproj" />
    <Project Path="tests/Pos.SharedKernel.UnitTests/Pos.SharedKernel.UnitTests.csproj" />
  </Folder>
</Solution>
